
Microsoft Visual Studio Solution File, Format Version 12.00
# Visual Studio Version 17
VisualStudioVersion = 17.14.36327.8 d17.14
MinimumVisualStudioVersion = 10.0.40219.1
Project("{FAE04EC0-301F-11D3-BF4B-00C04F79EFBC}") = "PracticaTallerLogin", "PracticaTallerLogin\PracticaTallerLogin.csproj", "{EFBBBAE5-1B40-46DB-B223-E1D87E071EE2}"
EndProject
Global
	GlobalSection(SolutionConfigurationPlatforms) = preSolution
		Debug|Any CPU = Debug|Any CPU
		Release|Any CPU = Release|Any CPU
	EndGlobalSection
	GlobalSection(ProjectConfigurationPlatforms) = postSolution
		{EFBBBAE5-1B40-46DB-B223-E1D87E071EE2}.Debug|Any CPU.ActiveCfg = Debug|Any CPU
		{EFBBBAE5-1B40-46DB-B223-E1D87E071EE2}.Debug|Any CPU.Build.0 = Debug|Any CPU
		{EFBBBAE5-1B40-46DB-B223-E1D87E071EE2}.Release|Any CPU.ActiveCfg = Release|Any CPU
		{EFBBBAE5-1B40-46DB-B223-E1D87E071EE2}.Release|Any CPU.Build.0 = Release|Any CPU
	EndGlobalSection
	GlobalSection(SolutionProperties) = preSolution
		HideSolutionNode = FALSE
	EndGlobalSection
	GlobalSection(ExtensibilityGlobals) = postSolution
		SolutionGuid = {205147F5-8DF9-4067-9B1A-06C382B84D64}
	EndGlobalSection
EndGlobal
